lockfileVersion: '6.0'

dependencies:
  nodemailer:
    specifier: ^6.9.2
    version: 6.9.2

devDependencies:
  '@types/nodemailer':
    specifier: ^6.4.8
    version: 6.4.8

packages:

  /@types/node@20.2.3:
    resolution: {integrity: sha512-pg9d0yC4rVNWQzX8U7xb4olIOFuuVL9za3bzMT2pu2SU0SNEi66i2qrvhE2qt0HvkhuCaWJu7pLNOt/Pj8BIrw==}
    dev: true

  /@types/nodemailer@6.4.8:
    resolution: {integrity: sha512-oVsJSCkqViCn8/pEu2hfjwVO+Gb3e+eTWjg3PcjeFKRItfKpKwHphQqbYmPQrlMk+op7pNNWPbsJIEthpFN/OQ==}
    dependencies:
      '@types/node': 20.2.3
    dev: true

  /nodemailer@6.9.2:
    resolution: {integrity: sha512-4+TYaa/e1nIxQfyw/WzNPYTEZ5OvHIDEnmjs4LPmIfccPQN+2CYKmGHjWixn/chzD3bmUTu5FMfpltizMxqzdg==}
    engines: {node: '>=6.0.0'}
    dev: false
